
Microsoft Visual Studio Solution File, Format Version 12.00
# Visual Studio Version 16
VisualStudioVersion = 16.0.30320.27
MinimumVisualStudioVersion = 10.0.40219.1
Project("{9092AA53-FB77-4645-B42D-1CCCA6BD08BD}") = "ProjectAmber", "ProjectAmber\ProjectAmber.njsproj", "{A375AFD2-8472-4D49-A089-E4FF671103E4}"
EndProject
Global
	GlobalSection(SolutionConfigurationPlatforms) = preSolution
		Debug|Any CPU = Debug|Any CPU
		Release|Any CPU = Release|Any CPU
	EndGlobalSection
	GlobalSection(ProjectConfigurationPlatforms) = postSolution
		{A375AFD2-8472-4D49-A089-E4FF671103E4}.Debug|Any CPU.ActiveCfg = Debug|Any CPU
		{A375AFD2-8472-4D49-A089-E4FF671103E4}.Debug|Any CPU.Build.0 = Debug|Any CPU
		{A375AFD2-8472-4D49-A089-E4FF671103E4}.Release|Any CPU.ActiveCfg = Release|Any CPU
		{A375AFD2-8472-4D49-A089-E4FF671103E4}.Release|Any CPU.Build.0 = Release|Any CPU
	EndGlobalSection
	GlobalSection(SolutionProperties) = preSolution
		HideSolutionNode = FALSE
	EndGlobalSection
	GlobalSection(ExtensibilityGlobals) = postSolution
		SolutionGuid = {E612391A-5B71-48A0-86A6-FF211FAF4738}
	EndGlobalSection
EndGlobal
